// !$*UTF8*$!
{
	archiveVersion = 1;
	classes = {
	};
	objectVersion = 46;
	objects = {

/* Begin PBXBuildFile section */
		4F9CEEE518545BD500E91C38 /* UIKit.framework in Frameworks */ = {isa = PBXBuildFile; fileRef = 4F9CEEE418545BD500E91C38 /* UIKit.framework */; };
		4F9CEEE718545BD500E91C38 /* Foundation.framework in Frameworks */ = {isa = PBXBuildFile; fileRef = 4F9CEEE618545BD500E91C38 /* Foundation.framework */; };
		4F9CEEE918545BD500E91C38 /* CoreGraphics.framework in Frameworks */ = {isa = PBXBuildFile; fileRef = 4F9CEEE818545BD500E91C38 /* CoreGraphics.framework */; };
		4F9CEEEF18545BD500E91C38 /* InfoPlist.strings in Resources */ = {isa = PBXBuildFile; fileRef = 4F9CEEED18545BD500E91C38 /* InfoPlist.strings */; };
		4F9CEEF118545BD500E91C38 /* main.m in Sources */ = {isa = PBXBuildFile; fileRef = 4F9CEEF018545BD500E91C38 /* main.m */; };
		4F9CEF16185462F100E91C38 /* CFAppDelegate.m in Sources */ = {isa = PBXBuildFile; fileRef = 4F9CEF0B185462F100E91C38 /* CFAppDelegate.m */; };
		4F9CEF17185462F100E91C38 /* CFSplashVC.m in Sources */ = {isa = PBXBuildFile; fileRef = 4F9CEF0F185462F100E91C38 /* CFSplashVC.m */; };
		4F9CEF18185462F100E91C38 /* CFSplashVC.xib in Resources */ = {isa = PBXBuildFile; fileRef = 4F9CEF10185462F100E91C38 /* CFSplashVC.xib */; };
		4F9CEF1C18546A5800E91C38 /* CFViewController.m in Sources */ = {isa = PBXBuildFile; fileRef = 4F9CEF1B18546A5800E91C38 /* CFViewController.m */; };
		4F9CEF1F18546A6B00E91C38 /* CFTableViewController.m in Sources */ = {isa = PBXBuildFile; fileRef = 4F9CEF1E18546A6B00E91C38 /* CFTableViewController.m */; };
		4F9CEF2218546A8D00E91C38 /* CFImageView.m in Sources */ = {isa = PBXBuildFile; fileRef = 4F9CEF2118546A8D00E91C38 /* CFImageView.m */; };
		4F9CEF2518546A9E00E91C38 /* CFButton.m in Sources */ = {isa = PBXBuildFile; fileRef = 4F9CEF2418546A9E00E91C38 /* CFButton.m */; };
		4F9CEF2818546AB000E91C38 /* CFLabel.m in Sources */ = {isa = PBXBuildFile; fileRef = 4F9CEF2718546AB000E91C38 /* CFLabel.m */; };
		4F9CEF2B18546ABE00E91C38 /* CFObject.m in Sources */ = {isa = PBXBuildFile; fileRef = 4F9CEF2A18546ABE00E91C38 /* CFObject.m */; };
		4F9CEF2E18546AD400E91C38 /* CFTableViewCell.m in Sources */ = {isa = PBXBuildFile; fileRef = 4F9CEF2D18546AD400E91C38 /* CFTableViewCell.m */; };
		4FC2DAC218563E6400126381 /* Icon.png in Resources */ = {isa = PBXBuildFile; fileRef = 4FC2DAC018563E6400126381 /* Icon.png */; };
		4FC2DAC318563E6400126381 /* Icon@2x.png in Resources */ = {isa = PBXBuildFile; fileRef = 4FC2DAC118563E6400126381 /* Icon@2x.png */; };
		4FC2DAC618563F3F00126381 /* Default-568h@2x.png in Resources */ = {isa = PBXBuildFile; fileRef = 4FC2DAC418563F3F00126381 /* Default-568h@2x.png */; };
		4FC2DAC718563F3F00126381 /* Default.png in Resources */ = {isa = PBXBuildFile; fileRef = 4FC2DAC518563F3F00126381 /* Default.png */; };
		4FC2DACC185645E100126381 /* Default@2x.png in Resources */ = {isa = PBXBuildFile; fileRef = 4FC2DACB185645E100126381 /* Default@2x.png */; };
		FFDADFBDC9CC48F4B0569972 /* libPods.a in Frameworks */ = {isa = PBXBuildFile; fileRef = 486B5EE9981841739CBF4BB9 /* libPods.a */; };
/* End PBXBuildFile section */

/* Begin PBXFileReference section */
		486B5EE9981841739CBF4BB9 /* libPods.a */ = {isa = PBXFileReference; explicitFileType = archive.ar; includeInIndex = 0; path = libPods.a; sourceTree = BUILT_PRODUCTS_DIR; };
		4F9CEEE018545BD500E91C38 /* Base.app */ = {isa = PBXFileReference; explicitFileType = wrapper.application; includeInIndex = 0; path = Base.app; sourceTree = BUILT_PRODUCTS_DIR; };
		4F9CEEE418545BD500E91C38 /* UIKit.framework */ = {isa = PBXFileReference; lastKnownFileType = wrapper.framework; name = UIKit.framework; path = System/Library/Frameworks/UIKit.framework; sourceTree = SDKROOT; };
		4F9CEEE618545BD500E91C38 /* Foundation.framework */ = {isa = PBXFileReference; lastKnownFileType = wrapper.framework; name = Foundation.framework; path = System/Library/Frameworks/Foundation.framework; sourceTree = SDKROOT; };
		4F9CEEE818545BD500E91C38 /* CoreGraphics.framework */ = {isa = PBXFileReference; lastKnownFileType = wrapper.framework; name = CoreGraphics.framework; path = System/Library/Frameworks/CoreGraphics.framework; sourceTree = SDKROOT; };
		4F9CEEEC18545BD500E91C38 /* Base-Info.plist */ = {isa = PBXFileReference; lastKnownFileType = text.plist.xml; path = "Base-Info.plist"; sourceTree = "<group>"; };
		4F9CEEEE18545BD500E91C38 /* en */ = {isa = PBXFileReference; lastKnownFileType = text.plist.strings; name = en; path = en.lproj/InfoPlist.strings; sourceTree = "<group>"; };
		4F9CEEF018545BD500E91C38 /* main.m */ = {isa = PBXFileReference; lastKnownFileType = sourcecode.c.objc; path = main.m; sourceTree = "<group>"; };
		4F9CEEF218545BD500E91C38 /* Base-Prefix.pch */ = {isa = PBXFileReference; lastKnownFileType = sourcecode.c.h; path = "Base-Prefix.pch"; sourceTree = "<group>"; };
		4F9CEF0A185462F100E91C38 /* CFAppDelegate.h */ = {isa = PBXFileReference; fileEncoding = 4; lastKnownFileType = sourcecode.c.h; path = CFAppDelegate.h; sourceTree = "<group>"; };
		4F9CEF0B185462F100E91C38 /* CFAppDelegate.m */ = {isa = PBXFileReference; fileEncoding = 4; lastKnownFileType = sourcecode.c.objc; path = CFAppDelegate.m; sourceTree = "<group>"; };
		4F9CEF0E185462F100E91C38 /* CFSplashVC.h */ = {isa = PBXFileReference; fileEncoding = 4; lastKnownFileType = sourcecode.c.h; path = CFSplashVC.h; sourceTree = "<group>"; };
		4F9CEF0F185462F100E91C38 /* CFSplashVC.m */ = {isa = PBXFileReference; fileEncoding = 4; lastKnownFileType = sourcecode.c.objc; path = CFSplashVC.m; sourceTree = "<group>"; };
		4F9CEF10185462F100E91C38 /* CFSplashVC.xib */ = {isa = PBXFileReference; fileEncoding = 4; lastKnownFileType = file.xib; path = CFSplashVC.xib; sourceTree = "<group>"; };
		4F9CEF1A18546A5800E91C38 /* CFViewController.h */ = {isa = PBXFileReference; fileEncoding = 4; lastKnownFileType = sourcecode.c.h; path = CFViewController.h; sourceTree = "<group>"; };
		4F9CEF1B18546A5800E91C38 /* CFViewController.m */ = {isa = PBXFileReference; fileEncoding = 4; lastKnownFileType = sourcecode.c.objc; path = CFViewController.m; sourceTree = "<group>"; };
		4F9CEF1D18546A6B00E91C38 /* CFTableViewController.h */ = {isa = PBXFileReference; fileEncoding = 4; lastKnownFileType = sourcecode.c.h; path = CFTableViewController.h; sourceTree = "<group>"; };
		4F9CEF1E18546A6B00E91C38 /* CFTableViewController.m */ = {isa = PBXFileReference; fileEncoding = 4; lastKnownFileType = sourcecode.c.objc; path = CFTableViewController.m; sourceTree = "<group>"; };
		4F9CEF2018546A8D00E91C38 /* CFImageView.h */ = {isa = PBXFileReference; fileEncoding = 4; lastKnownFileType = sourcecode.c.h; path = CFImageView.h; sourceTree = "<group>"; };
		4F9CEF2118546A8D00E91C38 /* CFImageView.m */ = {isa = PBXFileReference; fileEncoding = 4; lastKnownFileType = sourcecode.c.objc; path = CFImageView.m; sourceTree = "<group>"; };
		4F9CEF2318546A9E00E91C38 /* CFButton.h */ = {isa = PBXFileReference; fileEncoding = 4; lastKnownFileType = sourcecode.c.h; path = CFButton.h; sourceTree = "<group>"; };
		4F9CEF2418546A9E00E91C38 /* CFButton.m */ = {isa = PBXFileReference; fileEncoding = 4; lastKnownFileType = sourcecode.c.objc; path = CFButton.m; sourceTree = "<group>"; };
		4F9CEF2618546AB000E91C38 /* CFLabel.h */ = {isa = PBXFileReference; fileEncoding = 4; lastKnownFileType = sourcecode.c.h; path = CFLabel.h; sourceTree = "<group>"; };
		4F9CEF2718546AB000E91C38 /* CFLabel.m */ = {isa = PBXFileReference; fileEncoding = 4; lastKnownFileType = sourcecode.c.objc; path = CFLabel.m; sourceTree = "<group>"; };
		4F9CEF2918546ABE00E91C38 /* CFObject.h */ = {isa = PBXFileReference; fileEncoding = 4; lastKnownFileType = sourcecode.c.h; path = CFObject.h; sourceTree = "<group>"; };
		4F9CEF2A18546ABE00E91C38 /* CFObject.m */ = {isa = PBXFileReference; fileEncoding = 4; lastKnownFileType = sourcecode.c.objc; path = CFObject.m; sourceTree = "<group>"; };
		4F9CEF2C18546AD400E91C38 /* CFTableViewCell.h */ = {isa = PBXFileReference; fileEncoding = 4; lastKnownFileType = sourcecode.c.h; path = CFTableViewCell.h; sourceTree = "<group>"; };
		4F9CEF2D18546AD400E91C38 /* CFTableViewCell.m */ = {isa = PBXFileReference; fileEncoding = 4; lastKnownFileType = sourcecode.c.objc; path = CFTableViewCell.m; sourceTree = "<group>"; };
		4FC2DAC018563E6400126381 /* Icon.png */ = {isa = PBXFileReference; lastKnownFileType = image.png; path = Icon.png; sourceTree = "<group>"; };
		4FC2DAC118563E6400126381 /* Icon@2x.png */ = {isa = PBXFileReference; lastKnownFileType = image.png; path = "Icon@2x.png"; sourceTree = "<group>"; };
		4FC2DAC418563F3F00126381 /* Default-568h@2x.png */ = {isa = PBXFileReference; lastKnownFileType = image.png; path = "Default-568h@2x.png"; sourceTree = "<group>"; };
		4FC2DAC518563F3F00126381 /* Default.png */ = {isa = PBXFileReference; lastKnownFileType = image.png; path = Default.png; sourceTree = "<group>"; };
		4FC2DACB185645E100126381 /* Default@2x.png */ = {isa = PBXFileReference; lastKnownFileType = image.png; path = "Default@2x.png"; sourceTree = "<group>"; };
		F10C41C543C843698B64270B /* Pods.xcconfig */ = {isa = PBXFileReference; includeInIndex = 1; lastKnownFileType = text.xcconfig; name = Pods.xcconfig; path = Pods/Pods.xcconfig; sourceTree = "<group>"; };
/* End PBXFileReference section */

/* Begin PBXFrameworksBuildPhase section */
		4F9CEEDD18545BD500E91C38 /* Frameworks */ = {
			isa = PBXFrameworksBuildPhase;
			buildActionMask = 2147483647;
			files = (
				4F9CEEE518545BD500E91C38 /* UIKit.framework in Frameworks */,
				4F9CEEE718545BD500E91C38 /* Foundation.framework in Frameworks */,
				4F9CEEE918545BD500E91C38 /* CoreGraphics.framework in Frameworks */,
				FFDADFBDC9CC48F4B0569972 /* libPods.a in Frameworks */,
			);
			runOnlyForDeploymentPostprocessing = 0;
		};
/* End PBXFrameworksBuildPhase section */

/* Begin PBXGroup section */
		4F9CEED518545BD500E91C38 = {
			isa = PBXGroup;
			children = (
				4F9CEEEA18545BD500E91C38 /* Base */,
				4F9CEEE318545BD500E91C38 /* Frameworks */,
				4F9CEEE118545BD500E91C38 /* Products */,
				F10C41C543C843698B64270B /* Pods.xcconfig */,
			);
			sourceTree = "<group>";
		};
		4F9CEEE118545BD500E91C38 /* Products */ = {
			isa = PBXGroup;
			children = (
				4F9CEEE018545BD500E91C38 /* Base.app */,
			);
			name = Products;
			sourceTree = "<group>";
		};
		4F9CEEE318545BD500E91C38 /* Frameworks */ = {
			isa = PBXGroup;
			children = (
				4F9CEEE418545BD500E91C38 /* UIKit.framework */,
				4F9CEEE618545BD500E91C38 /* Foundation.framework */,
				4F9CEEE818545BD500E91C38 /* CoreGraphics.framework */,
				486B5EE9981841739CBF4BB9 /* libPods.a */,
			);
			name = Frameworks;
			sourceTree = "<group>";
		};
		4F9CEEEA18545BD500E91C38 /* Base */ = {
			isa = PBXGroup;
			children = (
				4FC2DABE18563B2900126381 /* Resources */,
				4F9CEF07185462F100E91C38 /* Front end */,
				4F9CEF14185462F100E91C38 /* Web service */,
				4F9CEEEB18545BD500E91C38 /* Supporting Files */,
			);
			path = Base;
			sourceTree = "<group>";
		};
		4F9CEEEB18545BD500E91C38 /* Supporting Files */ = {
			isa = PBXGroup;
			children = (
				4F9CEEEC18545BD500E91C38 /* Base-Info.plist */,
				4F9CEEED18545BD500E91C38 /* InfoPlist.strings */,
				4F9CEEF018545BD500E91C38 /* main.m */,
				4F9CEEF218545BD500E91C38 /* Base-Prefix.pch */,
			);
			name = "Supporting Files";
			sourceTree = "<group>";
		};
		4F9CEF07185462F100E91C38 /* Front end */ = {
			isa = PBXGroup;
			children = (
				4F9CEF0A185462F100E91C38 /* CFAppDelegate.h */,
				4F9CEF0B185462F100E91C38 /* CFAppDelegate.m */,
				4F9CEF08185462F100E91C38 /* Base classes */,
				4F9CEF09185462F100E91C38 /* Categories */,
				4F9CEF0C185462F100E91C38 /* Classes */,
				4F9CEF12185462F100E91C38 /* Externals */,
				4F9CEF13185462F100E91C38 /* Helpers */,
			);
			path = "Front end";
			sourceTree = "<group>";
		};
		4F9CEF08185462F100E91C38 /* Base classes */ = {
			isa = PBXGroup;
			children = (
				4F9CEF1A18546A5800E91C38 /* CFViewController.h */,
				4F9CEF1B18546A5800E91C38 /* CFViewController.m */,
				4F9CEF1D18546A6B00E91C38 /* CFTableViewController.h */,
				4F9CEF1E18546A6B00E91C38 /* CFTableViewController.m */,
				4F9CEF2018546A8D00E91C38 /* CFImageView.h */,
				4F9CEF2118546A8D00E91C38 /* CFImageView.m */,
				4F9CEF2318546A9E00E91C38 /* CFButton.h */,
				4F9CEF2418546A9E00E91C38 /* CFButton.m */,
				4F9CEF2618546AB000E91C38 /* CFLabel.h */,
				4F9CEF2718546AB000E91C38 /* CFLabel.m */,
				4F9CEF2918546ABE00E91C38 /* CFObject.h */,
				4F9CEF2A18546ABE00E91C38 /* CFObject.m */,
				4F9CEF2C18546AD400E91C38 /* CFTableViewCell.h */,
				4F9CEF2D18546AD400E91C38 /* CFTableViewCell.m */,
			);
			path = "Base classes";
			sourceTree = "<group>";
		};
		4F9CEF09185462F100E91C38 /* Categories */ = {
			isa = PBXGroup;
			children = (
			);
			path = Categories;
			sourceTree = "<group>";
		};
		4F9CEF0C185462F100E91C38 /* Classes */ = {
			isa = PBXGroup;
			children = (
				4FC2DACD18575D4700126381 /* Add Clues */,
				4FC2DACE18575D4700126381 /* Add Track */,
				4FC2DACF18575D4700126381 /* Category Selection */,
				4FC2DAD018575D4700126381 /* Login */,
				4FC2DAD118575D4700126381 /* Menu */,
				4FC2DAD218575D4700126381 /* Play track */,
				4FC2DAD318575D4700126381 /* Track Selection */,
				4F9CEF191854633400E91C38 /* Common */,
				4F9CEF0D185462F100E91C38 /* Splash */,
			);
			path = Classes;
			sourceTree = "<group>";
		};
		4F9CEF0D185462F100E91C38 /* Splash */ = {
			isa = PBXGroup;
			children = (
				4F9CEF0E185462F100E91C38 /* CFSplashVC.h */,
				4F9CEF0F185462F100E91C38 /* CFSplashVC.m */,
				4F9CEF10185462F100E91C38 /* CFSplashVC.xib */,
			);
			path = Splash;
			sourceTree = "<group>";
		};
		4F9CEF12185462F100E91C38 /* Externals */ = {
			isa = PBXGroup;
			children = (
			);
			path = Externals;
			sourceTree = "<group>";
		};
		4F9CEF13185462F100E91C38 /* Helpers */ = {
			isa = PBXGroup;
			children = (
			);
			path = Helpers;
			sourceTree = "<group>";
		};
		4F9CEF14185462F100E91C38 /* Web service */ = {
			isa = PBXGroup;
			children = (
				4FC2DAC8185640A800126381 /* Parser */,
				4FC2DAC9185640A800126381 /* Request */,
				4FC2DACA185640A800126381 /* Request Manager */,
			);
			path = "Web service";
			sourceTree = "<group>";
		};
		4F9CEF191854633400E91C38 /* Common */ = {
			isa = PBXGroup;
			children = (
			);
			path = Common;
			sourceTree = "<group>";
		};
		4FC2DABE18563B2900126381 /* Resources */ = {
			isa = PBXGroup;
			children = (
				4FC2DABF18563B2900126381 /* Images */,
			);
			path = Resources;
			sourceTree = "<group>";
		};
		4FC2DABF18563B2900126381 /* Images */ = {
			isa = PBXGroup;
			children = (
				4FC2DACB185645E100126381 /* Default@2x.png */,
				4FC2DAC418563F3F00126381 /* Default-568h@2x.png */,
				4FC2DAC518563F3F00126381 /* Default.png */,
				4FC2DAC018563E6400126381 /* Icon.png */,
				4FC2DAC118563E6400126381 /* Icon@2x.png */,
			);
			path = Images;
			sourceTree = "<group>";
		};
		4FC2DAC8185640A800126381 /* Parser */ = {
			isa = PBXGroup;
			children = (
			);
			path = Parser;
			sourceTree = "<group>";
		};
		4FC2DAC9185640A800126381 /* Request */ = {
			isa = PBXGroup;
			children = (
			);
			path = Request;
			sourceTree = "<group>";
		};
		4FC2DACA185640A800126381 /* Request Manager */ = {
			isa = PBXGroup;
			children = (
			);
			path = "Request Manager";
			sourceTree = "<group>";
		};
		4FC2DACD18575D4700126381 /* Add Clues */ = {
			isa = PBXGroup;
			children = (
			);
			path = "Add Clues";
			sourceTree = "<group>";
		};
		4FC2DACE18575D4700126381 /* Add Track */ = {
			isa = PBXGroup;
			children = (
			);
			path = "Add Track";
			sourceTree = "<group>";
		};
		4FC2DACF18575D4700126381 /* Category Selection */ = {
			isa = PBXGroup;
			children = (
			);
			path = "Category Selection";
			sourceTree = "<group>";
		};
		4FC2DAD018575D4700126381 /* Login */ = {
			isa = PBXGroup;
			children = (
			);
			path = Login;
			sourceTree = "<group>";
		};
		4FC2DAD118575D4700126381 /* Menu */ = {
			isa = PBXGroup;
			children = (
			);
			path = Menu;
			sourceTree = "<group>";
		};
		4FC2DAD218575D4700126381 /* Play track */ = {
			isa = PBXGroup;
			children = (
			);
			path = "Play track";
			sourceTree = "<group>";
		};
		4FC2DAD318575D4700126381 /* Track Selection */ = {
			isa = PBXGroup;
			children = (
			);
			path = "Track Selection";
			sourceTree = "<group>";
		};
/* End PBXGroup section */

/* Begin PBXNativeTarget section */
		4F9CEEDF18545BD500E91C38 /* Base */ = {
			isa = PBXNativeTarget;
			buildConfigurationList = 4F9CEF0418545BD500E91C38 /* Build configuration list for PBXNativeTarget "Base" */;
			buildPhases = (
				C730057C901240E7942764AA /* Check Pods Manifest.lock */,
				4F9CEEDC18545BD500E91C38 /* Sources */,
				4F9CEEDD18545BD500E91C38 /* Frameworks */,
				4F9CEEDE18545BD500E91C38 /* Resources */,
				97608B2A07EA48699E154FE9 /* Copy Pods Resources */,
			);
			buildRules = (
			);
			dependencies = (
			);
			name = Base;
			productName = Base;
			productReference = 4F9CEEE018545BD500E91C38 /* Base.app */;
			productType = "com.apple.product-type.application";
		};
/* End PBXNativeTarget section */

/* Begin PBXProject section */
		4F9CEED718545BD500E91C38 /* Project object */ = {
			isa = PBXProject;
			attributes = {
				CLASSPREFIX = CF;
				LastUpgradeCheck = 0450;
				ORGANIZATIONNAME = conficle;
			};
			buildConfigurationList = 4F9CEEDA18545BD500E91C38 /* Build configuration list for PBXProject "Base" */;
			compatibilityVersion = "Xcode 3.2";
			developmentRegion = English;
			hasScannedForEncodings = 0;
			knownRegions = (
				en,
			);
			mainGroup = 4F9CEED518545BD500E91C38;
			productRefGroup = 4F9CEEE118545BD500E91C38 /* Products */;
			projectDirPath = "";
			projectRoot = "";
			targets = (
				4F9CEEDF18545BD500E91C38 /* Base */,
			);
		};
/* End PBXProject section */

/* Begin PBXResourcesBuildPhase section */
		4F9CEEDE18545BD500E91C38 /* Resources */ = {
			isa = PBXResourcesBuildPhase;
			buildActionMask = 2147483647;
			files = (
				4FC2DAC218563E6400126381 /* Icon.png in Resources */,
				4FC2DAC718563F3F00126381 /* Default.png in Resources */,
				4F9CEEEF18545BD500E91C38 /* InfoPlist.strings in Resources */,
				4FC2DAC318563E6400126381 /* Icon@2x.png in Resources */,
				4FC2DAC618563F3F00126381 /* Default-568h@2x.png in Resources */,
				4FC2DACC185645E100126381 /* Default@2x.png in Resources */,
				4F9CEF18185462F100E91C38 /* CFSplashVC.xib in Resources */,
			);
			runOnlyForDeploymentPostprocessing = 0;
		};
/* End PBXResourcesBuildPhase section */

/* Begin PBXShellScriptBuildPhase section */
		97608B2A07EA48699E154FE9 /* Copy Pods Resources */ = {
			isa = PBXShellScriptBuildPhase;
			buildActionMask = 2147483647;
			files = (
			);
			inputPaths = (
			);
			name = "Copy Pods Resources";
			outputPaths = (
			);
			runOnlyForDeploymentPostprocessing = 0;
			shellPath = /bin/sh;
			shellScript = "\"${SRCROOT}/Pods/Pods-resources.sh\"\n";
			showEnvVarsInLog = 0;
		};
		C730057C901240E7942764AA /* Check Pods Manifest.lock */ = {
			isa = PBXShellScriptBuildPhase;
			buildActionMask = 2147483647;
			files = (
			);
			inputPaths = (
			);
			name = "Check Pods Manifest.lock";
			outputPaths = (
			);
			runOnlyForDeploymentPostprocessing = 0;
			shellPath = /bin/sh;
			shellScript = "diff \"${PODS_ROOT}/../Podfile.lock\" \"${PODS_ROOT}/Manifest.lock\" > /dev/null\nif [[ $? != 0 ]] ; then\n    cat << EOM\nerror: The sandbox is not in sync with the Podfile.lock. Run 'pod install' or update your CocoaPods installation.\nEOM\n    exit 1\nfi\n";
			showEnvVarsInLog = 0;
		};
/* End PBXShellScriptBuildPhase section */

/* Begin PBXSourcesBuildPhase section */
		4F9CEEDC18545BD500E91C38 /* Sources */ = {
			isa = PBXSourcesBuildPhase;
			buildActionMask = 2147483647;
			files = (
				4F9CEEF118545BD500E91C38 /* main.m in Sources */,
				4F9CEF16185462F100E91C38 /* CFAppDelegate.m in Sources */,
				4F9CEF17185462F100E91C38 /* CFSplashVC.m in Sources */,
				4F9CEF1C18546A5800E91C38 /* CFViewController.m in Sources */,
				4F9CEF1F18546A6B00E91C38 /* CFTableViewController.m in Sources */,
				4F9CEF2218546A8D00E91C38 /* CFImageView.m in Sources */,
				4F9CEF2518546A9E00E91C38 /* CFButton.m in Sources */,
				4F9CEF2818546AB000E91C38 /* CFLabel.m in Sources */,
				4F9CEF2B18546ABE00E91C38 /* CFObject.m in Sources */,
				4F9CEF2E18546AD400E91C38 /* CFTableViewCell.m in Sources */,
			);
			runOnlyForDeploymentPostprocessing = 0;
		};
/* End PBXSourcesBuildPhase section */

/* Begin PBXVariantGroup section */
		4F9CEEED18545BD500E91C38 /* InfoPlist.strings */ = {
			isa = PBXVariantGroup;
			children = (
				4F9CEEEE18545BD500E91C38 /* en */,
			);
			name = InfoPlist.strings;
			sourceTree = "<group>";
		};
/* End PBXVariantGroup section */

/* Begin XCBuildConfiguration section */
		4F9CEF0218545BD500E91C38 /* Debug */ = {
			isa = XCBuildConfiguration;
			buildSettings = {
				ALWAYS_SEARCH_USER_PATHS = NO;
				CLANG_CXX_LANGUAGE_STANDARD = "gnu++0x";
				CLANG_CXX_LIBRARY = "libc++";
				CLANG_ENABLE_OBJC_ARC = YES;
				CLANG_WARN_EMPTY_BODY = YES;
				CLANG_WARN__DUPLICATE_METHOD_MATCH = YES;
				"CODE_SIGN_IDENTITY[sdk=iphoneos*]" = "iPhone Developer";
				COPY_PHASE_STRIP = NO;
				GCC_C_LANGUAGE_STANDARD = gnu99;
				GCC_DYNAMIC_NO_PIC = NO;
				GCC_OPTIMIZATION_LEVEL = 0;
				GCC_PREPROCESSOR_DEFINITIONS = (
					"DEBUG=1",
					"$(inherited)",
				);
				GCC_SYMBOLS_PRIVATE_EXTERN = NO;
				GCC_WARN_ABOUT_RETURN_TYPE = YES;
				GCC_WARN_UNINITIALIZED_AUTOS = YES;
				GCC_WARN_UNUSED_VARIABLE = YES;
				IPHONEOS_DEPLOYMENT_TARGET = 5.0;
				SDKROOT = iphoneos;
				VALID_ARCHS = "armv7 armv7s";
			};
			name = Debug;
		};
		4F9CEF0318545BD500E91C38 /* Release */ = {
			isa = XCBuildConfiguration;
			buildSettings = {
				ALWAYS_SEARCH_USER_PATHS = NO;
				CLANG_CXX_LANGUAGE_STANDARD = "gnu++0x";
				CLANG_CXX_LIBRARY = "libc++";
				CLANG_ENABLE_OBJC_ARC = YES;
				CLANG_WARN_EMPTY_BODY = YES;
				CLANG_WARN__DUPLICATE_METHOD_MATCH = YES;
				"CODE_SIGN_IDENTITY[sdk=iphoneos*]" = "iPhone Developer";
				COPY_PHASE_STRIP = YES;
				GCC_C_LANGUAGE_STANDARD = gnu99;
				GCC_WARN_ABOUT_RETURN_TYPE = YES;
				GCC_WARN_UNINITIALIZED_AUTOS = YES;
				GCC_WARN_UNUSED_VARIABLE = YES;
				IPHONEOS_DEPLOYMENT_TARGET = 5.0;
				OTHER_CFLAGS = "-DNS_BLOCK_ASSERTIONS=1";
				SDKROOT = iphoneos;
				VALIDATE_PRODUCT = YES;
				VALID_ARCHS = "armv7 armv7s";
			};
			name = Release;
		};
		4F9CEF0518545BD500E91C38 /* Debug */ = {
			isa = XCBuildConfiguration;
			baseConfigurationReference = F10C41C543C843698B64270B /* Pods.xcconfig */;
			buildSettings = {
				GCC_PRECOMPILE_PREFIX_HEADER = YES;
				GCC_PREFIX_HEADER = "Base/Base-Prefix.pch";
				INFOPLIST_FILE = "Base/Base-Info.plist";
				LIBRARY_SEARCH_PATHS = "Pods/build/Debug-iphonesimulator";
				PRODUCT_NAME = "$(TARGET_NAME)";
				WRAPPER_EXTENSION = app;
			};
			name = Debug;
		};
		4F9CEF0618545BD500E91C38 /* Release */ = {
			isa = XCBuildConfiguration;
			baseConfigurationReference = F10C41C543C843698B64270B /* Pods.xcconfig */;
			buildSettings = {
				GCC_PRECOMPILE_PREFIX_HEADER = YES;
				GCC_PREFIX_HEADER = "Base/Base-Prefix.pch";
				INFOPLIST_FILE = "Base/Base-Info.plist";
				LIBRARY_SEARCH_PATHS = "Pods/build/Debug-iphonesimulator";
				PRODUCT_NAME = "$(TARGET_NAME)";
				WRAPPER_EXTENSION = app;
			};
			name = Release;
		};
/* End XCBuildConfiguration section */

/* Begin XCConfigurationList section */
		4F9CEEDA18545BD500E91C38 /* Build configuration list for PBXProject "Base" */ = {
			isa = XCConfigurationList;
			buildConfigurations = (
				4F9CEF0218545BD500E91C38 /* Debug */,
				4F9CEF0318545BD500E91C38 /* Release */,
			);
			defaultConfigurationIsVisible = 0;
			defaultConfigurationName = Release;
		};
		4F9CEF0418545BD500E91C38 /* Build configuration list for PBXNativeTarget "Base" */ = {
			isa = XCConfigurationList;
			buildConfigurations = (
				4F9CEF0518545BD500E91C38 /* Debug */,
				4F9CEF0618545BD500E91C38 /* Release */,
			);
			defaultConfigurationIsVisible = 0;
			defaultConfigurationName = Release;
		};
/* End XCConfigurationList section */
	};
	rootObject = 4F9CEED718545BD500E91C38 /* Project object */;
}
